{
  "originHash" : "b31d2778a76b5b8b903895fd6522d5b87046d00881469aeaf8d5192a1d76839d",
  "pins" : [
    {
      "identity" : "swiftymarisa",
      "kind" : "remoteSourceControl",
      "location" : "https://github.com/vovasty/SwiftyMarisa/",
      "state" : {
        "branch" : "master",
        "revision" : "a064be8398e54213d0cca5446a07bb9cfad690f5"
      }
    }
  ],
  "version" : 3
}
